{
    "_readme": [
        "This file locks the dependencies of your project to a known state",
        "Read more about it at https://getcomposer.org/doc/01-basic-usage.md#composer-lock-the-lock-file",
        "This file is @generated automatically"
    ],
    "content-hash": "41aa1a47c0d392dabf29f01efc48e912",
    "packages": [
        {
            "name": "ckeditor/ckeditor",
            "version": "4.9.0",
            "source": {
                "type": "git",
                "url": "https://github.com/ckeditor/ckeditor-releases.git",
                "reference": "a8497c4d9c8b8b559ac1e2fb99b397fd2167ae27"
            },
            "dist": {
                "type": "zip",
                "url": "https://api.github.com/repos/ckeditor/ckeditor-releases/zipball/a8497c4d9c8b8b559ac1e2fb99b397fd2167ae27",
                "reference": "a8497c4d9c8b8b559ac1e2fb99b397fd2167ae27",
                "shasum": ""
            },
            "type": "library",
            "notification-url": "https://packagist.org/downloads/",
            "license": [
                "GPL-2.0+",
                "LGPL-2.1+",
                "MPL-1.1+"
            ],
            "authors": [
                {
                    "name": "CKSource",
                    "homepage": "http://cksource.com"
                }
            ],
            "description": "JavaScript WYSIWYG web text editor.",
            "homepage": "http://ckeditor.com",
            "keywords": [
                "CKEditor",
                "editor",
                "fckeditor",
                "html",
                "javascript",
                "richtext",
                "text",
                "wysiwyg"
            ],
            "time": "2018-03-15T07:19:37+00:00"
        },
        {
            "name": "codeigniter/framework",
            "version": "3.1.8",
            "source": {
                "type": "git",
                "url": "https://github.com/bcit-ci/CodeIgniter.git",
                "reference": "71e647782764184e3aab4faffe6d99176758979f"
            },
            "dist": {
                "type": "zip",
                "url": "https://api.github.com/repos/bcit-ci/CodeIgniter/zipball/71e647782764184e3aab4faffe6d99176758979f",
                "reference": "71e647782764184e3aab4faffe6d99176758979f",
                "shasum": ""
            },
            "require": {
                "php": ">=5.3.7"
            },
            "require-dev": {
                "mikey179/vfsstream": "1.1.*",
                "phpunit/phpunit": "4.* || 5.*"
            },
            "suggest": {
                "paragonie/random_compat": "Provides better randomness in PHP 5.x"
            },
            "type": "project",
            "notification-url": "https://packagist.org/downloads/",
            "license": [
                "MIT"
            ],
            "description": "The CodeIgniter framework",
            "homepage": "https://codeigniter.com",
            "time": "2018-03-22T14:48:55+00:00"
        },
        {
            "name": "piotrpolak/pepiscms",
            "version": "dev-master",
            "source": {
                "type": "git",
                "url": "https://github.com/piotrpolak/pepiscms.git",
                "reference": "b7288cf342ac3f9c2307f74b0e36521b4a741862"
            },
            "dist": {
                "type": "zip",
                "url": "https://api.github.com/repos/piotrpolak/pepiscms/zipball/b7288cf342ac3f9c2307f74b0e36521b4a741862",
                "reference": "b7288cf342ac3f9c2307f74b0e36521b4a741862",
                "shasum": ""
            },
            "require": {
                "ckeditor/ckeditor": "4.9.0",
                "codeigniter/framework": "3.1.8",
                "php": ">=5.5.0",
                "piotrpolak/pepiscms-3rdparty": "1.0.1"
            },
            "require-dev": {
                "behat/behat": "3.2.*",
                "behat/mink": "1.7.*",
                "behat/mink-extension": "2.1.*",
                "behat/mink-goutte-driver": "1.2.*",
                "mikey179/vfsstream": "1.1.*",
                "phpunit/phpunit": "4.8.*"
            },
            "type": "library",
            "autoload": {
                "classmap": [
                    "pepiscms/application/classes/",
                    "pepiscms/application/models/",
                    "pepiscms/application/libraries/",
                    "pepiscms/application/drivers/",
                    "pepiscms/modules/symfony2_bridge/libraries/",
                    "pepiscms/modules/crud/libraries/",
                    "pepiscms/modules/translator/libraries/",
                    "pepiscms/modules/symfony2_bridge/models/",
                    "pepiscms/modules/sqlconsole/models/",
                    "pepiscms/modules/html_customization/models/",
                    "pepiscms/modules/backup/models/"
                ]
            },
            "license": [
                "MIT"
            ],
            "authors": [
                {
                    "name": "Piotr Polak",
                    "email": "piotr@polak.ro"
                }
            ],
            "description": "Content management system",
            "support": {
                "source": "https://github.com/piotrpolak/pepiscms/tree/master",
                "issues": "https://github.com/piotrpolak/pepiscms/issues"
            },
            "time": "2018-03-30T19:08:15+00:00"
        },
        {
            "name": "piotrpolak/pepiscms-3rdparty",
            "version": "1.0.1",
            "source": {
                "type": "git",
                "url": "https://github.com/piotrpolak/pepiscms-3rdparty.git",
                "reference": "3c575ed5d30da785720a06aab41c311d5fdf80ce"
            },
            "dist": {
                "type": "zip",
                "url": "https://api.github.com/repos/piotrpolak/pepiscms-3rdparty/zipball/3c575ed5d30da785720a06aab41c311d5fdf80ce",
                "reference": "3c575ed5d30da785720a06aab41c311d5fdf80ce",
                "shasum": ""
            },
            "require": {
                "php": ">=5.3.0"
            },
            "type": "library",
            "license": [
                "Various"
            ],
            "description": "3rd party components for PepisCMS",
            "support": {
                "source": "https://github.com/piotrpolak/pepiscms-3rdparty/tree/1.0.1",
                "issues": "https://github.com/piotrpolak/pepiscms-3rdparty/issues"
            },
            "time": "2018-03-24T15:13:52+00:00"
        }
    ],
    "packages-dev": [],
    "aliases": [],
    "minimum-stability": "dev",
    "stability-flags": {
        "piotrpolak/pepiscms": 20
    },
    "prefer-stable": false,
    "prefer-lowest": false,
    "platform": [],
    "platform-dev": []
}
